// !$*UTF8*$!
{
	archiveVersion = 1;
	classes = {
	};
	objectVersion = 48;
	objects = {

/* Begin PBXBuildFile section */
		36274D74204FB97000B9ED35 /* AppDelegate.swift in Sources */ = {isa = PBXBuildFile; fileRef = 36274D73204FB97000B9ED35 /* AppDelegate.swift */; };
		36274D76204FB97000B9ED35 /* ViewController.swift in Sources */ = {isa = PBXBuildFile; fileRef = 36274D75204FB97000B9ED35 /* ViewController.swift */; };
		36274D79204FB97000B9ED35 /* Main.storyboard in Resources */ = {isa = PBXBuildFile; fileRef = 36274D77204FB97000B9ED35 /* Main.storyboard */; };
		36274D7B204FB97000B9ED35 /* Assets.xcassets in Resources */ = {isa = PBXBuildFile; fileRef = 36274D7A204FB97000B9ED35 /* Assets.xcassets */; };
		36274D7E204FB97000B9ED35 /* LaunchScreen.storyboard in Resources */ = {isa = PBXBuildFile; fileRef = 36274D7C204FB97000B9ED35 /* LaunchScreen.storyboard */; };
		36C28CCB205118CA00FF32AA /* Shader.metal in Sources */ = {isa = PBXBuildFile; fileRef = 36C28CCA205118CA00FF32AA /* Shader.metal */; };
/* End PBXBuildFile section */

/* Begin PBXFileReference section */
		36274D70204FB97000B9ED35 /* metaltest2.app */ = {isa = PBXFileReference; explicitFileType = wrapper.application; includeInIndex = 0; path = metaltest2.app; sourceTree = BUILT_PRODUCTS_DIR; };
		36274D73204FB97000B9ED35 /* AppDelegate.swift */ = {isa = PBXFileReference; lastKnownFileType = sourcecode.swift; path = AppDelegate.swift; sourceTree = "<group>"; };
		36274D75204FB97000B9ED35 /* ViewController.swift */ = {isa = PBXFileReference; lastKnownFileType = sourcecode.swift; path = ViewController.swift; sourceTree = "<group>"; };
		36274D78204FB97000B9ED35 /* Base */ = {isa = PBXFileReference; lastKnownFileType = file.storyboard; name = Base; path = Base.lproj/Main.storyboard; sourceTree = "<group>"; };
		36274D7A204FB97000B9ED35 /* Assets.xcassets */ = {isa = PBXFileReference; lastKnownFileType = folder.assetcatalog; path = Assets.xcassets; sourceTree = "<group>"; };
		36274D7D204FB97000B9ED35 /* Base */ = {isa = PBXFileReference; lastKnownFileType = file.storyboard; name = Base; path = Base.lproj/LaunchScreen.storyboard; sourceTree = "<group>"; };
		36274D7F204FB97000B9ED35 /* Info.plist */ = {isa = PBXFileReference; lastKnownFileType = text.plist.xml; path = Info.plist; sourceTree = "<group>"; };
		36C28CCA205118CA00FF32AA /* Shader.metal */ = {isa = PBXFileReference; fileEncoding = 4; lastKnownFileType = sourcecode.metal; path = Shader.metal; sourceTree = "<group>"; };
/* End PBXFileReference section */

/* Begin PBXFrameworksBuildPhase section */
		36274D6D204FB97000B9ED35 /* Frameworks */ = {
			isa = PBXFrameworksBuildPhase;
			buildActionMask = 2147483647;
			files = (
			);
			runOnlyForDeploymentPostprocessing = 0;
		};
/* End PBXFrameworksBuildPhase section */

/* Begin PBXGroup section */
		36274D67204FB96F00B9ED35 = {
			isa = PBXGroup;
			children = (
				36274D72204FB97000B9ED35 /* metaltest2 */,
				36274D71204FB97000B9ED35 /* Products */,
			);
			sourceTree = "<group>";
		};
		36274D71204FB97000B9ED35 /* Products */ = {
			isa = PBXGroup;
			children = (
				36274D70204FB97000B9ED35 /* metaltest2.app */,
			);
			name = Products;
			sourceTree = "<group>";
		};
		36274D72204FB97000B9ED35 /* metaltest2 */ = {
			isa = PBXGroup;
			children = (
				36274D73204FB97000B9ED35 /* AppDelegate.swift */,
				36274D75204FB97000B9ED35 /* ViewController.swift */,
				36C28CCA205118CA00FF32AA /* Shader.metal */,
				36274D77204FB97000B9ED35 /* Main.storyboard */,
				36274D7A204FB97000B9ED35 /* Assets.xcassets */,
				36274D7C204FB97000B9ED35 /* LaunchScreen.storyboard */,
				36274D7F204FB97000B9ED35 /* Info.plist */,
			);
			path = metaltest2;
			sourceTree = "<group>";
		};
/* End PBXGroup section */

/* Begin PBXNativeTarget section */
		36274D6F204FB97000B9ED35 /* metaltest2 */ = {
			isa = PBXNativeTarget;
			buildConfigurationList = 36274D82204FB97000B9ED35 /* Build configuration list for PBXNativeTarget "metaltest2" */;
			buildPhases = (
				36274D6C204FB97000B9ED35 /* Sources */,
				36274D6D204FB97000B9ED35 /* Frameworks */,
				36274D6E204FB97000B9ED35 /* Resources */,
			);
			buildRules = (
			);
			dependencies = (
			);
			name = metaltest2;
			productName = metaltest2;
			productReference = 36274D70204FB97000B9ED35 /* metaltest2.app */;
			productType = "com.apple.product-type.application";
		};
/* End PBXNativeTarget section */

/* Begin PBXProject section */
		36274D68204FB96F00B9ED35 /* Project object */ = {
			isa = PBXProject;
			attributes = {
				LastSwiftUpdateCheck = 0920;
				LastUpgradeCheck = 0920;
				ORGANIZATIONNAME = momomoromo;
				TargetAttributes = {
					36274D6F204FB97000B9ED35 = {
						CreatedOnToolsVersion = 9.2;
						ProvisioningStyle = Automatic;
					};
				};
			};
			buildConfigurationList = 36274D6B204FB96F00B9ED35 /* Build configuration list for PBXProject "metaltest2" */;
			compatibilityVersion = "Xcode 8.0";
			developmentRegion = en;
			hasScannedForEncodings = 0;
			knownRegions = (
				en,
				Base,
			);
			mainGroup = 36274D67204FB96F00B9ED35;
			productRefGroup = 36274D71204FB97000B9ED35 /* Products */;
			projectDirPath = "";
			projectRoot = "";
			targets = (
				36274D6F204FB97000B9ED35 /* metaltest2 */,
			);
		};
/* End PBXProject section */

/* Begin PBXResourcesBuildPhase section */
		36274D6E204FB97000B9ED35 /* Resources */ = {
			isa = PBXResourcesBuildPhase;
			buildActionMask = 2147483647;
			files = (
				36274D7E204FB97000B9ED35 /* LaunchScreen.storyboard in Resources */,
				36274D7B204FB97000B9ED35 /* Assets.xcassets in Resources */,
				36274D79204FB97000B9ED35 /* Main.storyboard in Resources */,
			);
			runOnlyForDeploymentPostprocessing = 0;
		};
/* End PBXResourcesBuildPhase section */

/* Begin PBXSourcesBuildPhase section */
		36274D6C204FB97000B9ED35 /* Sources */ = {
			isa = PBXSourcesBuildPhase;
			buildActionMask = 2147483647;
			files = (
				36C28CCB205118CA00FF32AA /* Shader.metal in Sources */,
				36274D76204FB97000B9ED35 /* ViewController.swift in Sources */,
				36274D74204FB97000B9ED35 /* AppDelegate.swift in Sources */,
			);
			runOnlyForDeploymentPostprocessing = 0;
		};
/* End PBXSourcesBuildPhase section */

/* Begin PBXVariantGroup section */
		36274D77204FB97000B9ED35 /* Main.storyboard */ = {
			isa = PBXVariantGroup;
			children = (
				36274D78204FB97000B9ED35 /* Base */,
			);
			name = Main.storyboard;
			sourceTree = "<group>";
		};
		36274D7C204FB97000B9ED35 /* LaunchScreen.storyboard */ = {
			isa = PBXVariantGroup;
			children = (
				36274D7D204FB97000B9ED35 /* Base */,
			);
			name = LaunchScreen.storyboard;
			sourceTree = "<group>";
		};
/* End PBXVariantGroup section */

/* Begin XCBuildConfiguration section */
		36274D80204FB97000B9ED35 /* Debug */ = {
			isa = XCBuildConfiguration;
			buildSettings = {
				ALWAYS_SEARCH_USER_PATHS = NO;
				CLANG_ANALYZER_NONNULL = YES;
				CLANG_ANALYZER_NUMBER_OBJECT_CONVERSION = YES_AGGRESSIVE;
				CLANG_CXX_LANGUAGE_STANDARD = "gnu++14";
				CLANG_CXX_LIBRARY = "libc++";
				CLANG_ENABLE_MODULES = YES;
				CLANG_ENABLE_OBJC_ARC = YES;
				CLANG_WARN_BLOCK_CAPTURE_AUTORELEASING = YES;
				CLANG_WARN_BOOL_CONVERSION = YES;
				CLANG_WARN_COMMA = YES;
				CLANG_WARN_CONSTANT_CONVERSION = YES;
				CLANG_WARN_DIRECT_OBJC_ISA_USAGE = YES_ERROR;
				CLANG_WARN_DOCUMENTATION_COMMENTS = YES;
				CLANG_WARN_EMPTY_BODY = YES;
				CLANG_WARN_ENUM_CONVERSION = YES;
				CLANG_WARN_INFINITE_RECURSION = YES;
				CLANG_WARN_INT_CONVERSION = YES;
				CLANG_WARN_NON_LITERAL_NULL_CONVERSION = YES;
				CLANG_WARN_OBJC_LITERAL_CONVERSION = YES;
				CLANG_WARN_OBJC_ROOT_CLASS = YES_ERROR;
				CLANG_WARN_RANGE_LOOP_ANALYSIS = YES;
				CLANG_WARN_STRICT_PROTOTYPES = YES;
				CLANG_WARN_SUSPICIOUS_MOVE = YES;
				CLANG_WARN_UNGUARDED_AVAILABILITY = YES_AGGRESSIVE;
				CLANG_WARN_UNREACHABLE_CODE = YES;
				CLANG_WARN__DUPLICATE_METHOD_MATCH = YES;
				CODE_SIGN_IDENTITY = "iPhone Developer";
				COPY_PHASE_STRIP = NO;
				DEBUG_INFORMATION_FORMAT = dwarf;
				ENABLE_STRICT_OBJC_MSGSEND = YES;
				ENABLE_TESTABILITY = YES;
				GCC_C_LANGUAGE_STANDARD = gnu11;
				GCC_DYNAMIC_NO_PIC = NO;
				GCC_NO_COMMON_BLOCKS = YES;
				GCC_OPTIMIZATION_LEVEL = 0;
				GCC_PREPROCESSOR_DEFINITIONS = (
					"DEBUG=1",
					"$(inherited)",
				);
				GCC_WARN_64_TO_32_BIT_CONVERSION = YES;
				GCC_WARN_ABOUT_RETURN_TYPE = YES_ERROR;
				GCC_WARN_UNDECLARED_SELECTOR = YES;
				GCC_WARN_UNINITIALIZED_AUTOS = YES_AGGRESSIVE;
				GCC_WARN_UNUSED_FUNCTION = YES;
				GCC_WARN_UNUSED_VARIABLE = YES;
				IPHONEOS_DEPLOYMENT_TARGET = 11.2;
				MTL_ENABLE_DEBUG_INFO = YES;
				ONLY_ACTIVE_ARCH = YES;
				SDKROOT = iphoneos;
				SWIFT_ACTIVE_COMPILATION_CONDITIONS = DEBUG;
				SWIFT_OPTIMIZATION_LEVEL = "-Onone";
			};
			name = Debug;
		};
		36274D81204FB97000B9ED35 /* Release */ = {
			isa = XCBuildConfiguration;
			buildSettings = {
				ALWAYS_SEARCH_USER_PATHS = NO;
				CLANG_ANALYZER_NONNULL = YES;
				CLANG_ANALYZER_NUMBER_OBJECT_CONVERSION = YES_AGGRESSIVE;
				CLANG_CXX_LANGUAGE_STANDARD = "gnu++14";
				CLANG_CXX_LIBRARY = "libc++";
				CLANG_ENABLE_MODULES = YES;
				CLANG_ENABLE_OBJC_ARC = YES;
				CLANG_WARN_BLOCK_CAPTURE_AUTORELEASING = YES;
				CLANG_WARN_BOOL_CONVERSION = YES;
				CLANG_WARN_COMMA = YES;
				CLANG_WARN_CONSTANT_CONVERSION = YES;
				CLANG_WARN_DIRECT_OBJC_ISA_USAGE = YES_ERROR;
				CLANG_WARN_DOCUMENTATION_COMMENTS = YES;
				CLANG_WARN_EMPTY_BODY = YES;
				CLANG_WARN_ENUM_CONVERSION = YES;
				CLANG_WARN_INFINITE_RECURSION = YES;
				CLANG_WARN_INT_CONVERSION = YES;
				CLANG_WARN_NON_LITERAL_NULL_CONVERSION = YES;
				CLANG_WARN_OBJC_LITERAL_CONVERSION = YES;
				CLANG_WARN_OBJC_ROOT_CLASS = YES_ERROR;
				CLANG_WARN_RANGE_LOOP_ANALYSIS = YES;
				CLANG_WARN_STRICT_PROTOTYPES = YES;
				CLANG_WARN_SUSPICIOUS_MOVE = YES;
				CLANG_WARN_UNGUARDED_AVAILABILITY = YES_AGGRESSIVE;
				CLANG_WARN_UNREACHABLE_CODE = YES;
				CLANG_WARN__DUPLICATE_METHOD_MATCH = YES;
				CODE_SIGN_IDENTITY = "iPhone Developer";
				COPY_PHASE_STRIP = NO;
				DEBUG_INFORMATION_FORMAT = "dwarf-with-dsym";
				ENABLE_NS_ASSERTIONS = NO;
				ENABLE_STRICT_OBJC_MSGSEND = YES;
				GCC_C_LANGUAGE_STANDARD = gnu11;
				GCC_NO_COMMON_BLOCKS = YES;
				GCC_WARN_64_TO_32_BIT_CONVERSION = YES;
				GCC_WARN_ABOUT_RETURN_TYPE = YES_ERROR;
				GCC_WARN_UNDECLARED_SELECTOR = YES;
				GCC_WARN_UNINITIALIZED_AUTOS = YES_AGGRESSIVE;
				GCC_WARN_UNUSED_FUNCTION = YES;
				GCC_WARN_UNUSED_VARIABLE = YES;
				IPHONEOS_DEPLOYMENT_TARGET = 11.2;
				MTL_ENABLE_DEBUG_INFO = NO;
				SDKROOT = iphoneos;
				SWIFT_OPTIMIZATION_LEVEL = "-Owholemodule";
				VALIDATE_PRODUCT = YES;
			};
			name = Release;
		};
		36274D83204FB97000B9ED35 /* Debug */ = {
			isa = XCBuildConfiguration;
			buildSettings = {
				ASSETCATALOG_COMPILER_APPICON_NAME = AppIcon;
				"CODE_SIGN_IDENTITY[sdk=iphoneos*]" = "iPhone Developer";
				CODE_SIGN_STYLE = Automatic;
				DEVELOPMENT_TEAM = LJJD296723;
				INFOPLIST_FILE = metaltest2/Info.plist;
				LD_RUNPATH_SEARCH_PATHS = "$(inherited) @executable_path/Frameworks";
				PRODUCT_BUNDLE_IDENTIFIER = momomoromo.metaltest2;
				PRODUCT_NAME = "$(TARGET_NAME)";
				PROVISIONING_PROFILE_SPECIFIER = "";
				SWIFT_VERSION = 4.0;
				TARGETED_DEVICE_FAMILY = "1,2";
			};
			name = Debug;
		};
		36274D84204FB97000B9ED35 /* Release */ = {
			isa = XCBuildConfiguration;
			buildSettings = {
				ASSETCATALOG_COMPILER_APPICON_NAME = AppIcon;
				"CODE_SIGN_IDENTITY[sdk=iphoneos*]" = "iPhone Developer";
				CODE_SIGN_STYLE = Automatic;
				DEVELOPMENT_TEAM = LJJD296723;
				INFOPLIST_FILE = metaltest2/Info.plist;
				LD_RUNPATH_SEARCH_PATHS = "$(inherited) @executable_path/Frameworks";
				PRODUCT_BUNDLE_IDENTIFIER = momomoromo.metaltest2;
				PRODUCT_NAME = "$(TARGET_NAME)";
				PROVISIONING_PROFILE_SPECIFIER = "";
				SWIFT_VERSION = 4.0;
				TARGETED_DEVICE_FAMILY = "1,2";
			};
			name = Release;
		};
/* End XCBuildConfiguration section */

/* Begin XCConfigurationList section */
		36274D6B204FB96F00B9ED35 /* Build configuration list for PBXProject "metaltest2" */ = {
			isa = XCConfigurationList;
			buildConfigurations = (
				36274D80204FB97000B9ED35 /* Debug */,
				36274D81204FB97000B9ED35 /* Release */,
			);
			defaultConfigurationIsVisible = 0;
			defaultConfigurationName = Release;
		};
		36274D82204FB97000B9ED35 /* Build configuration list for PBXNativeTarget "metaltest2" */ = {
			isa = XCConfigurationList;
			buildConfigurations = (
				36274D83204FB97000B9ED35 /* Debug */,
				36274D84204FB97000B9ED35 /* Release */,
			);
			defaultConfigurationIsVisible = 0;
			defaultConfigurationName = Release;
		};
/* End XCConfigurationList section */
	};
	rootObject = 36274D68204FB96F00B9ED35 /* Project object */;
}
